// !$*UTF8*$!
{
	archiveVersion = 1;
	classes = {
	};
	objectVersion = 56;
	objects = {

/* Begin PBXBuildFile section */
		39F19AA32B96089F001C0F11 /* AppDelegate.swift in Sources */ = {isa = PBXBuildFile; fileRef = 39F19AA22B96089F001C0F11 /* AppDelegate.swift */; };
		39F19AA52B96089F001C0F11 /* SceneDelegate.swift in Sources */ = {isa = PBXBuildFile; fileRef = 39F19AA42B96089F001C0F11 /* SceneDelegate.swift */; };
		39F19AA72B96089F001C0F11 /* HomeView.swift in Sources */ = {isa = PBXBuildFile; fileRef = 39F19AA62B96089F001C0F11 /* HomeView.swift */; };
		39F19AAA2B96089F001C0F11 /* Main.storyboard in Resources */ = {isa = PBXBuildFile; fileRef = 39F19AA82B96089F001C0F11 /* Main.storyboard */; };
		39F19AAC2B9608A0001C0F11 /* Assets.xcassets in Resources */ = {isa = PBXBuildFile; fileRef = 39F19AAB2B9608A0001C0F11 /* Assets.xcassets */; };
		39F19AAF2B9608A0001C0F11 /* LaunchScreen.storyboard in Resources */ = {isa = PBXBuildFile; fileRef = 39F19AAD2B9608A0001C0F11 /* LaunchScreen.storyboard */; };
		39F19AC02B96095A001C0F11 /* NotesModel.swift in Sources */ = {isa = PBXBuildFile; fileRef = 39F19ABF2B96095A001C0F11 /* NotesModel.swift */; };
		39F19AC22B960965001C0F11 /* HomeViewModel.swift in Sources */ = {isa = PBXBuildFile; fileRef = 39F19AC12B960965001C0F11 /* HomeViewModel.swift */; };
/* End PBXBuildFile section */

/* Begin PBXFileReference section */
		39F19A9F2B96089F001C0F11 /* 01-NotesUIKit.app */ = {isa = PBXFileReference; explicitFileType = wrapper.application; includeInIndex = 0; path = "01-NotesUIKit.app"; sourceTree = BUILT_PRODUCTS_DIR; };
		39F19AA22B96089F001C0F11 /* AppDelegate.swift */ = {isa = PBXFileReference; lastKnownFileType = sourcecode.swift; path = AppDelegate.swift; sourceTree = "<group>"; };
		39F19AA42B96089F001C0F11 /* SceneDelegate.swift */ = {isa = PBXFileReference; lastKnownFileType = sourcecode.swift; path = SceneDelegate.swift; sourceTree = "<group>"; };
		39F19AA62B96089F001C0F11 /* HomeView.swift */ = {isa = PBXFileReference; lastKnownFileType = sourcecode.swift; path = HomeView.swift; sourceTree = "<group>"; };
		39F19AA92B96089F001C0F11 /* Base */ = {isa = PBXFileReference; lastKnownFileType = file.storyboard; name = Base; path = Base.lproj/Main.storyboard; sourceTree = "<group>"; };
		39F19AAB2B9608A0001C0F11 /* Assets.xcassets */ = {isa = PBXFileReference; lastKnownFileType = folder.assetcatalog; path = Assets.xcassets; sourceTree = "<group>"; };
		39F19AAE2B9608A0001C0F11 /* Base */ = {isa = PBXFileReference; lastKnownFileType = file.storyboard; name = Base; path = Base.lproj/LaunchScreen.storyboard; sourceTree = "<group>"; };
		39F19AB02B9608A0001C0F11 /* Info.plist */ = {isa = PBXFileReference; lastKnownFileType = text.plist.xml; path = Info.plist; sourceTree = "<group>"; };
		39F19ABF2B96095A001C0F11 /* NotesModel.swift */ = {isa = PBXFileReference; lastKnownFileType = sourcecode.swift; path = NotesModel.swift; sourceTree = "<group>"; };
		39F19AC12B960965001C0F11 /* HomeViewModel.swift */ = {isa = PBXFileReference; lastKnownFileType = sourcecode.swift; path = HomeViewModel.swift; sourceTree = "<group>"; };
/* End PBXFileReference section */

/* Begin PBXFrameworksBuildPhase section */
		39F19A9C2B96089F001C0F11 /* Frameworks */ = {
			isa = PBXFrameworksBuildPhase;
			buildActionMask = 2147483647;
			files = (
			);
			runOnlyForDeploymentPostprocessing = 0;
		};
/* End PBXFrameworksBuildPhase section */

/* Begin PBXGroup section */
		39F19A962B96089F001C0F11 = {
			isa = PBXGroup;
			children = (
				39F19AA12B96089F001C0F11 /* 01-NotesUIKit */,
				39F19AA02B96089F001C0F11 /* Products */,
			);
			sourceTree = "<group>";
		};
		39F19AA02B96089F001C0F11 /* Products */ = {
			isa = PBXGroup;
			children = (
				39F19A9F2B96089F001C0F11 /* 01-NotesUIKit.app */,
			);
			name = Products;
			sourceTree = "<group>";
		};
		39F19AA12B96089F001C0F11 /* 01-NotesUIKit */ = {
			isa = PBXGroup;
			children = (
				39F19AA82B96089F001C0F11 /* Main.storyboard */,
				39F19AB62B9608B6001C0F11 /* App */,
				39F19AB72B9608BA001C0F11 /* Scene */,
				39F19AB82B9608C0001C0F11 /* Resources */,
				39F19AB92B9608C5001C0F11 /* Support */,
			);
			path = "01-NotesUIKit";
			sourceTree = "<group>";
		};
		39F19AB62B9608B6001C0F11 /* App */ = {
			isa = PBXGroup;
			children = (
				39F19AA22B96089F001C0F11 /* AppDelegate.swift */,
				39F19AA42B96089F001C0F11 /* SceneDelegate.swift */,
			);
			path = App;
			sourceTree = "<group>";
		};
		39F19AB72B9608BA001C0F11 /* Scene */ = {
			isa = PBXGroup;
			children = (
				39F19ABA2B9608F2001C0F11 /* Home */,
			);
			path = Scene;
			sourceTree = "<group>";
		};
		39F19AB82B9608C0001C0F11 /* Resources */ = {
			isa = PBXGroup;
			children = (
				39F19AAB2B9608A0001C0F11 /* Assets.xcassets */,
				39F19AAD2B9608A0001C0F11 /* LaunchScreen.storyboard */,
			);
			path = Resources;
			sourceTree = "<group>";
		};
		39F19AB92B9608C5001C0F11 /* Support */ = {
			isa = PBXGroup;
			children = (
				39F19AB02B9608A0001C0F11 /* Info.plist */,
			);
			path = Support;
			sourceTree = "<group>";
		};
		39F19ABA2B9608F2001C0F11 /* Home */ = {
			isa = PBXGroup;
			children = (
				39F19ABD2B960915001C0F11 /* View */,
				39F19ABB2B960909001C0F11 /* Model */,
				39F19ABE2B96091B001C0F11 /* ViewModel */,
			);
			path = Home;
			sourceTree = "<group>";
		};
		39F19ABB2B960909001C0F11 /* Model */ = {
			isa = PBXGroup;
			children = (
				39F19ABF2B96095A001C0F11 /* NotesModel.swift */,
			);
			path = Model;
			sourceTree = "<group>";
		};
		39F19ABD2B960915001C0F11 /* View */ = {
			isa = PBXGroup;
			children = (
				39F19AA62B96089F001C0F11 /* HomeView.swift */,
			);
			name = View;
			path = "vİEW";
			sourceTree = "<group>";
		};
		39F19ABE2B96091B001C0F11 /* ViewModel */ = {
			isa = PBXGroup;
			children = (
				39F19AC12B960965001C0F11 /* HomeViewModel.swift */,
			);
			path = ViewModel;
			sourceTree = "<group>";
		};
/* End PBXGroup section */

/* Begin PBXNativeTarget section */
		39F19A9E2B96089F001C0F11 /* 01-NotesUIKit */ = {
			isa = PBXNativeTarget;
			buildConfigurationList = 39F19AB32B9608A0001C0F11 /* Build configuration list for PBXNativeTarget "01-NotesUIKit" */;
			buildPhases = (
				39F19A9B2B96089F001C0F11 /* Sources */,
				39F19A9C2B96089F001C0F11 /* Frameworks */,
				39F19A9D2B96089F001C0F11 /* Resources */,
			);
			buildRules = (
			);
			dependencies = (
			);
			name = "01-NotesUIKit";
			productName = "01-NotesUIKit";
			productReference = 39F19A9F2B96089F001C0F11 /* 01-NotesUIKit.app */;
			productType = "com.apple.product-type.application";
		};
/* End PBXNativeTarget section */

/* Begin PBXProject section */
		39F19A972B96089F001C0F11 /* Project object */ = {
			isa = PBXProject;
			attributes = {
				BuildIndependentTargetsInParallel = 1;
				LastSwiftUpdateCheck = 1520;
				LastUpgradeCheck = 1520;
				TargetAttributes = {
					39F19A9E2B96089F001C0F11 = {
						CreatedOnToolsVersion = 15.2;
					};
				};
			};
			buildConfigurationList = 39F19A9A2B96089F001C0F11 /* Build configuration list for PBXProject "01-NotesUIKit" */;
			compatibilityVersion = "Xcode 14.0";
			developmentRegion = en;
			hasScannedForEncodings = 0;
			knownRegions = (
				en,
				Base,
			);
			mainGroup = 39F19A962B96089F001C0F11;
			productRefGroup = 39F19AA02B96089F001C0F11 /* Products */;
			projectDirPath = "";
			projectRoot = "";
			targets = (
				39F19A9E2B96089F001C0F11 /* 01-NotesUIKit */,
			);
		};
/* End PBXProject section */

/* Begin PBXResourcesBuildPhase section */
		39F19A9D2B96089F001C0F11 /* Resources */ = {
			isa = PBXResourcesBuildPhase;
			buildActionMask = 2147483647;
			files = (
				39F19AAF2B9608A0001C0F11 /* LaunchScreen.storyboard in Resources */,
				39F19AAC2B9608A0001C0F11 /* Assets.xcassets in Resources */,
				39F19AAA2B96089F001C0F11 /* Main.storyboard in Resources */,
			);
			runOnlyForDeploymentPostprocessing = 0;
		};
/* End PBXResourcesBuildPhase section */

/* Begin PBXSourcesBuildPhase section */
		39F19A9B2B96089F001C0F11 /* Sources */ = {
			isa = PBXSourcesBuildPhase;
			buildActionMask = 2147483647;
			files = (
				39F19AA72B96089F001C0F11 /* HomeView.swift in Sources */,
				39F19AC02B96095A001C0F11 /* NotesModel.swift in Sources */,
				39F19AA32B96089F001C0F11 /* AppDelegate.swift in Sources */,
				39F19AC22B960965001C0F11 /* HomeViewModel.swift in Sources */,
				39F19AA52B96089F001C0F11 /* SceneDelegate.swift in Sources */,
			);
			runOnlyForDeploymentPostprocessing = 0;
		};
/* End PBXSourcesBuildPhase section */

/* Begin PBXVariantGroup section */
		39F19AA82B96089F001C0F11 /* Main.storyboard */ = {
			isa = PBXVariantGroup;
			children = (
				39F19AA92B96089F001C0F11 /* Base */,
			);
			name = Main.storyboard;
			sourceTree = "<group>";
		};
		39F19AAD2B9608A0001C0F11 /* LaunchScreen.storyboard */ = {
			isa = PBXVariantGroup;
			children = (
				39F19AAE2B9608A0001C0F11 /* Base */,
			);
			name = LaunchScreen.storyboard;
			sourceTree = "<group>";
		};
/* End PBXVariantGroup section */

/* Begin XCBuildConfiguration section */
		39F19AB12B9608A0001C0F11 /* Debug */ = {
			isa = XCBuildConfiguration;
			buildSettings = {
				ALWAYS_SEARCH_USER_PATHS = NO;
				ASSETCATALOG_COMPILER_GENERATE_SWIFT_ASSET_SYMBOL_EXTENSIONS = YES;
				CLANG_ANALYZER_NONNULL = YES;
				CLANG_ANALYZER_NUMBER_OBJECT_CONVERSION = YES_AGGRESSIVE;
				CLANG_CXX_LANGUAGE_STANDARD = "gnu++20";
				CLANG_ENABLE_MODULES = YES;
				CLANG_ENABLE_OBJC_ARC = YES;
				CLANG_ENABLE_OBJC_WEAK = YES;
				CLANG_WARN_BLOCK_CAPTURE_AUTORELEASING = YES;
				CLANG_WARN_BOOL_CONVERSION = YES;
				CLANG_WARN_COMMA = YES;
				CLANG_WARN_CONSTANT_CONVERSION = YES;
				CLANG_WARN_DEPRECATED_OBJC_IMPLEMENTATIONS = YES;
				CLANG_WARN_DIRECT_OBJC_ISA_USAGE = YES_ERROR;
				CLANG_WARN_DOCUMENTATION_COMMENTS = YES;
				CLANG_WARN_EMPTY_BODY = YES;
				CLANG_WARN_ENUM_CONVERSION = YES;
				CLANG_WARN_INFINITE_RECURSION = YES;
				CLANG_WARN_INT_CONVERSION = YES;
				CLANG_WARN_NON_LITERAL_NULL_CONVERSION = YES;
				CLANG_WARN_OBJC_IMPLICIT_RETAIN_SELF = YES;
				CLANG_WARN_OBJC_LITERAL_CONVERSION = YES;
				CLANG_WARN_OBJC_ROOT_CLASS = YES_ERROR;
				CLANG_WARN_QUOTED_INCLUDE_IN_FRAMEWORK_HEADER = YES;
				CLANG_WARN_RANGE_LOOP_ANALYSIS = YES;
				CLANG_WARN_STRICT_PROTOTYPES = YES;
				CLANG_WARN_SUSPICIOUS_MOVE = YES;
				CLANG_WARN_UNGUARDED_AVAILABILITY = YES_AGGRESSIVE;
				CLANG_WARN_UNREACHABLE_CODE = YES;
				CLANG_WARN__DUPLICATE_METHOD_MATCH = YES;
				COPY_PHASE_STRIP = NO;
				DEBUG_INFORMATION_FORMAT = dwarf;
				ENABLE_STRICT_OBJC_MSGSEND = YES;
				ENABLE_TESTABILITY = YES;
				ENABLE_USER_SCRIPT_SANDBOXING = YES;
				GCC_C_LANGUAGE_STANDARD = gnu17;
				GCC_DYNAMIC_NO_PIC = NO;
				GCC_NO_COMMON_BLOCKS = YES;
				GCC_OPTIMIZATION_LEVEL = 0;
				GCC_PREPROCESSOR_DEFINITIONS = (
					"DEBUG=1",
					"$(inherited)",
				);
				GCC_WARN_64_TO_32_BIT_CONVERSION = YES;
				GCC_WARN_ABOUT_RETURN_TYPE = YES_ERROR;
				GCC_WARN_UNDECLARED_SELECTOR = YES;
				GCC_WARN_UNINITIALIZED_AUTOS = YES_AGGRESSIVE;
				GCC_WARN_UNUSED_FUNCTION = YES;
				GCC_WARN_UNUSED_VARIABLE = YES;
				IPHONEOS_DEPLOYMENT_TARGET = 17.2;
				LOCALIZATION_PREFERS_STRING_CATALOGS = YES;
				MTL_ENABLE_DEBUG_INFO = INCLUDE_SOURCE;
				MTL_FAST_MATH = YES;
				ONLY_ACTIVE_ARCH = YES;
				SDKROOT = iphoneos;
				SWIFT_ACTIVE_COMPILATION_CONDITIONS = "DEBUG $(inherited)";
				SWIFT_OPTIMIZATION_LEVEL = "-Onone";
			};
			name = Debug;
		};
		39F19AB22B9608A0001C0F11 /* Release */ = {
			isa = XCBuildConfiguration;
			buildSettings = {
				ALWAYS_SEARCH_USER_PATHS = NO;
				ASSETCATALOG_COMPILER_GENERATE_SWIFT_ASSET_SYMBOL_EXTENSIONS = YES;
				CLANG_ANALYZER_NONNULL = YES;
				CLANG_ANALYZER_NUMBER_OBJECT_CONVERSION = YES_AGGRESSIVE;
				CLANG_CXX_LANGUAGE_STANDARD = "gnu++20";
				CLANG_ENABLE_MODULES = YES;
				CLANG_ENABLE_OBJC_ARC = YES;
				CLANG_ENABLE_OBJC_WEAK = YES;
				CLANG_WARN_BLOCK_CAPTURE_AUTORELEASING = YES;
				CLANG_WARN_BOOL_CONVERSION = YES;
				CLANG_WARN_COMMA = YES;
				CLANG_WARN_CONSTANT_CONVERSION = YES;
				CLANG_WARN_DEPRECATED_OBJC_IMPLEMENTATIONS = YES;
				CLANG_WARN_DIRECT_OBJC_ISA_USAGE = YES_ERROR;
				CLANG_WARN_DOCUMENTATION_COMMENTS = YES;
				CLANG_WARN_EMPTY_BODY = YES;
				CLANG_WARN_ENUM_CONVERSION = YES;
				CLANG_WARN_INFINITE_RECURSION = YES;
				CLANG_WARN_INT_CONVERSION = YES;
				CLANG_WARN_NON_LITERAL_NULL_CONVERSION = YES;
				CLANG_WARN_OBJC_IMPLICIT_RETAIN_SELF = YES;
				CLANG_WARN_OBJC_LITERAL_CONVERSION = YES;
				CLANG_WARN_OBJC_ROOT_CLASS = YES_ERROR;
				CLANG_WARN_QUOTED_INCLUDE_IN_FRAMEWORK_HEADER = YES;
				CLANG_WARN_RANGE_LOOP_ANALYSIS = YES;
				CLANG_WARN_STRICT_PROTOTYPES = YES;
				CLANG_WARN_SUSPICIOUS_MOVE = YES;
				CLANG_WARN_UNGUARDED_AVAILABILITY = YES_AGGRESSIVE;
				CLANG_WARN_UNREACHABLE_CODE = YES;
				CLANG_WARN__DUPLICATE_METHOD_MATCH = YES;
				COPY_PHASE_STRIP = NO;
				DEBUG_INFORMATION_FORMAT = "dwarf-with-dsym";
				ENABLE_NS_ASSERTIONS = NO;
				ENABLE_STRICT_OBJC_MSGSEND = YES;
				ENABLE_USER_SCRIPT_SANDBOXING = YES;
				GCC_C_LANGUAGE_STANDARD = gnu17;
				GCC_NO_COMMON_BLOCKS = YES;
				GCC_WARN_64_TO_32_BIT_CONVERSION = YES;
				GCC_WARN_ABOUT_RETURN_TYPE = YES_ERROR;
				GCC_WARN_UNDECLARED_SELECTOR = YES;
				GCC_WARN_UNINITIALIZED_AUTOS = YES_AGGRESSIVE;
				GCC_WARN_UNUSED_FUNCTION = YES;
				GCC_WARN_UNUSED_VARIABLE = YES;
				IPHONEOS_DEPLOYMENT_TARGET = 17.2;
				LOCALIZATION_PREFERS_STRING_CATALOGS = YES;
				MTL_ENABLE_DEBUG_INFO = NO;
				MTL_FAST_MATH = YES;
				SDKROOT = iphoneos;
				SWIFT_COMPILATION_MODE = wholemodule;
				VALIDATE_PRODUCT = YES;
			};
			name = Release;
		};
		39F19AB42B9608A0001C0F11 /* Debug */ = {
			isa = XCBuildConfiguration;
			buildSettings = {
				ASSETCATALOG_COMPILER_APPICON_NAME = AppIcon;
				ASSETCATALOG_COMPILER_GLOBAL_ACCENT_COLOR_NAME = AccentColor;
				CODE_SIGN_STYLE = Automatic;
				CURRENT_PROJECT_VERSION = 1;
				DEVELOPMENT_TEAM = 9NSCR757BU;
				GENERATE_INFOPLIST_FILE = YES;
				INFOPLIST_FILE = "01-NotesUIKit/Support/Info.plist";
				INFOPLIST_KEY_UIApplicationSupportsIndirectInputEvents = YES;
				INFOPLIST_KEY_UILaunchStoryboardName = LaunchScreen;
				INFOPLIST_KEY_UIMainStoryboardFile = Main;
				INFOPLIST_KEY_UISupportedInterfaceOrientations = UIInterfaceOrientationPortrait;
				INFOPLIST_KEY_UISupportedInterfaceOrientations_iPad = "UIInterfaceOrientationLandscapeLeft UIInterfaceOrientationLandscapeRight UIInterfaceOrientationPortrait UIInterfaceOrientationPortraitUpsideDown";
				LD_RUNPATH_SEARCH_PATHS = (
					"$(inherited)",
					"@executable_path/Frameworks",
				);
				MARKETING_VERSION = 1.0;
				PRODUCT_BUNDLE_IDENTIFIER = "com.yektaokdan.-1-NotesUIKit";
				PRODUCT_NAME = "$(TARGET_NAME)";
				SUPPORTED_PLATFORMS = "iphoneos iphonesimulator";
				SUPPORTS_MACCATALYST = NO;
				SUPPORTS_MAC_DESIGNED_FOR_IPHONE_IPAD = NO;
				SUPPORTS_XR_DESIGNED_FOR_IPHONE_IPAD = NO;
				SWIFT_EMIT_LOC_STRINGS = YES;
				SWIFT_VERSION = 5.0;
				TARGETED_DEVICE_FAMILY = 1;
			};
			name = Debug;
		};
		39F19AB52B9608A0001C0F11 /* Release */ = {
			isa = XCBuildConfiguration;
			buildSettings = {
				ASSETCATALOG_COMPILER_APPICON_NAME = AppIcon;
				ASSETCATALOG_COMPILER_GLOBAL_ACCENT_COLOR_NAME = AccentColor;
				CODE_SIGN_STYLE = Automatic;
				CURRENT_PROJECT_VERSION = 1;
				DEVELOPMENT_TEAM = 9NSCR757BU;
				GENERATE_INFOPLIST_FILE = YES;
				INFOPLIST_FILE = "01-NotesUIKit/Support/Info.plist";
				INFOPLIST_KEY_UIApplicationSupportsIndirectInputEvents = YES;
				INFOPLIST_KEY_UILaunchStoryboardName = LaunchScreen;
				INFOPLIST_KEY_UIMainStoryboardFile = Main;
				INFOPLIST_KEY_UISupportedInterfaceOrientations = UIInterfaceOrientationPortrait;
				INFOPLIST_KEY_UISupportedInterfaceOrientations_iPad = "UIInterfaceOrientationLandscapeLeft UIInterfaceOrientationLandscapeRight UIInterfaceOrientationPortrait UIInterfaceOrientationPortraitUpsideDown";
				LD_RUNPATH_SEARCH_PATHS = (
					"$(inherited)",
					"@executable_path/Frameworks",
				);
				MARKETING_VERSION = 1.0;
				PRODUCT_BUNDLE_IDENTIFIER = "com.yektaokdan.-1-NotesUIKit";
				PRODUCT_NAME = "$(TARGET_NAME)";
				SUPPORTED_PLATFORMS = "iphoneos iphonesimulator";
				SUPPORTS_MACCATALYST = NO;
				SUPPORTS_MAC_DESIGNED_FOR_IPHONE_IPAD = NO;
				SUPPORTS_XR_DESIGNED_FOR_IPHONE_IPAD = NO;
				SWIFT_EMIT_LOC_STRINGS = YES;
				SWIFT_VERSION = 5.0;
				TARGETED_DEVICE_FAMILY = 1;
			};
			name = Release;
		};
/* End XCBuildConfiguration section */

/* Begin XCConfigurationList section */
		39F19A9A2B96089F001C0F11 /* Build configuration list for PBXProject "01-NotesUIKit" */ = {
			isa = XCConfigurationList;
			buildConfigurations = (
				39F19AB12B9608A0001C0F11 /* Debug */,
				39F19AB22B9608A0001C0F11 /* Release */,
			);
			defaultConfigurationIsVisible = 0;
			defaultConfigurationName = Release;
		};
		39F19AB32B9608A0001C0F11 /* Build configuration list for PBXNativeTarget "01-NotesUIKit" */ = {
			isa = XCConfigurationList;
			buildConfigurations = (
				39F19AB42B9608A0001C0F11 /* Debug */,
				39F19AB52B9608A0001C0F11 /* Release */,
			);
			defaultConfigurationIsVisible = 0;
			defaultConfigurationName = Release;
		};
/* End XCConfigurationList section */
	};
	rootObject = 39F19A972B96089F001C0F11 /* Project object */;
}
